// !$*UTF8*$!
{
	archiveVersion = 1;
	classes = {
	};
	objectVersion = 55;
	objects = {

/* Begin PBXBuildFile section */
		986A5F4A2934912F0065AE34 /* AppDelegate.swift in Sources */ = {isa = PBXBuildFile; fileRef = 986A5F492934912F0065AE34 /* AppDelegate.swift */; };
		986A5F4C2934912F0065AE34 /* SceneDelegate.swift in Sources */ = {isa = PBXBuildFile; fileRef = 986A5F4B2934912F0065AE34 /* SceneDelegate.swift */; };
		986A5F4E2934912F0065AE34 /* ViewController.swift in Sources */ = {isa = PBXBuildFile; fileRef = 986A5F4D2934912F0065AE34 /* ViewController.swift */; };
		986A5F512934912F0065AE34 /* Main.storyboard in Resources */ = {isa = PBXBuildFile; fileRef = 986A5F4F2934912F0065AE34 /* Main.storyboard */; };
		986A5F53293491310065AE34 /* Assets.xcassets in Resources */ = {isa = PBXBuildFile; fileRef = 986A5F52293491310065AE34 /* Assets.xcassets */; };
		986A5F56293491310065AE34 /* LaunchScreen.storyboard in Resources */ = {isa = PBXBuildFile; fileRef = 986A5F54293491310065AE34 /* LaunchScreen.storyboard */; };
		986A5F5F293492820065AE34 /* ArticleTableViewCell.swift in Sources */ = {isa = PBXBuildFile; fileRef = 986A5F5E293492820065AE34 /* ArticleTableViewCell.swift */; };
		986A5F61293492D50065AE34 /* ArticleModel.swift in Sources */ = {isa = PBXBuildFile; fileRef = 986A5F60293492D50065AE34 /* ArticleModel.swift */; };
		986A5F632934ABFA0065AE34 /* ArticleResponseModel.swift in Sources */ = {isa = PBXBuildFile; fileRef = 986A5F622934ABFA0065AE34 /* ArticleResponseModel.swift */; };
		986A5F662934C2810065AE34 /* NetAndCoreDataProject.xcdatamodeld in Sources */ = {isa = PBXBuildFile; fileRef = 986A5F642934C2810065AE34 /* NetAndCoreDataProject.xcdatamodeld */; };
		986A5F682934C40D0065AE34 /* ArticleCoreDataManager.swift in Sources */ = {isa = PBXBuildFile; fileRef = 986A5F672934C40D0065AE34 /* ArticleCoreDataManager.swift */; };
		C6E5F6B3732AA4945D8D9DF6 /* Pods_NetAndCoreDataProject.framework in Frameworks */ = {isa = PBXBuildFile; fileRef = 3045DCC75D7CCAA9A5763BF2 /* Pods_NetAndCoreDataProject.framework */; };
/* End PBXBuildFile section */

/* Begin PBXFileReference section */
		3045DCC75D7CCAA9A5763BF2 /* Pods_NetAndCoreDataProject.framework */ = {isa = PBXFileReference; explicitFileType = wrapper.framework; includeInIndex = 0; path = Pods_NetAndCoreDataProject.framework; sourceTree = BUILT_PRODUCTS_DIR; };
		64D31778F2F5D0806EE86613 /* Pods-NetAndCoreDataProject.debug.xcconfig */ = {isa = PBXFileReference; includeInIndex = 1; lastKnownFileType = text.xcconfig; name = "Pods-NetAndCoreDataProject.debug.xcconfig"; path = "Target Support Files/Pods-NetAndCoreDataProject/Pods-NetAndCoreDataProject.debug.xcconfig"; sourceTree = "<group>"; };
		769BE23AE02C6EA0A9BF99D7 /* Pods-NetAndCoreDataProject.release.xcconfig */ = {isa = PBXFileReference; includeInIndex = 1; lastKnownFileType = text.xcconfig; name = "Pods-NetAndCoreDataProject.release.xcconfig"; path = "Target Support Files/Pods-NetAndCoreDataProject/Pods-NetAndCoreDataProject.release.xcconfig"; sourceTree = "<group>"; };
		986A5F462934912F0065AE34 /* NetAndCoreDataProject.app */ = {isa = PBXFileReference; explicitFileType = wrapper.application; includeInIndex = 0; path = NetAndCoreDataProject.app; sourceTree = BUILT_PRODUCTS_DIR; };
		986A5F492934912F0065AE34 /* AppDelegate.swift */ = {isa = PBXFileReference; lastKnownFileType = sourcecode.swift; path = AppDelegate.swift; sourceTree = "<group>"; };
		986A5F4B2934912F0065AE34 /* SceneDelegate.swift */ = {isa = PBXFileReference; lastKnownFileType = sourcecode.swift; path = SceneDelegate.swift; sourceTree = "<group>"; };
		986A5F4D2934912F0065AE34 /* ViewController.swift */ = {isa = PBXFileReference; lastKnownFileType = sourcecode.swift; path = ViewController.swift; sourceTree = "<group>"; };
		986A5F502934912F0065AE34 /* Base */ = {isa = PBXFileReference; lastKnownFileType = file.storyboard; name = Base; path = Base.lproj/Main.storyboard; sourceTree = "<group>"; };
		986A5F52293491310065AE34 /* Assets.xcassets */ = {isa = PBXFileReference; lastKnownFileType = folder.assetcatalog; path = Assets.xcassets; sourceTree = "<group>"; };
		986A5F55293491310065AE34 /* Base */ = {isa = PBXFileReference; lastKnownFileType = file.storyboard; name = Base; path = Base.lproj/LaunchScreen.storyboard; sourceTree = "<group>"; };
		986A5F57293491310065AE34 /* Info.plist */ = {isa = PBXFileReference; lastKnownFileType = text.plist.xml; path = Info.plist; sourceTree = "<group>"; };
		986A5F5E293492820065AE34 /* ArticleTableViewCell.swift */ = {isa = PBXFileReference; lastKnownFileType = sourcecode.swift; path = ArticleTableViewCell.swift; sourceTree = "<group>"; };
		986A5F60293492D50065AE34 /* ArticleModel.swift */ = {isa = PBXFileReference; lastKnownFileType = sourcecode.swift; path = ArticleModel.swift; sourceTree = "<group>"; };
		986A5F622934ABFA0065AE34 /* ArticleResponseModel.swift */ = {isa = PBXFileReference; lastKnownFileType = sourcecode.swift; path = ArticleResponseModel.swift; sourceTree = "<group>"; };
		986A5F652934C2810065AE34 /* NetAndCoreDataProject.xcdatamodel */ = {isa = PBXFileReference; lastKnownFileType = wrapper.xcdatamodel; path = NetAndCoreDataProject.xcdatamodel; sourceTree = "<group>"; };
		986A5F672934C40D0065AE34 /* ArticleCoreDataManager.swift */ = {isa = PBXFileReference; lastKnownFileType = sourcecode.swift; path = ArticleCoreDataManager.swift; sourceTree = "<group>"; };
/* End PBXFileReference section */

/* Begin PBXFrameworksBuildPhase section */
		986A5F432934912F0065AE34 /* Frameworks */ = {
			isa = PBXFrameworksBuildPhase;
			buildActionMask = 2147483647;
			files = (
				C6E5F6B3732AA4945D8D9DF6 /* Pods_NetAndCoreDataProject.framework in Frameworks */,
			);
			runOnlyForDeploymentPostprocessing = 0;
		};
/* End PBXFrameworksBuildPhase section */

/* Begin PBXGroup section */
		1D7BC6A54EC8F05674033AA8 /* Frameworks */ = {
			isa = PBXGroup;
			children = (
				3045DCC75D7CCAA9A5763BF2 /* Pods_NetAndCoreDataProject.framework */,
			);
			name = Frameworks;
			sourceTree = "<group>";
		};
		986A5F3D2934912F0065AE34 = {
			isa = PBXGroup;
			children = (
				986A5F482934912F0065AE34 /* NetAndCoreDataProject */,
				986A5F472934912F0065AE34 /* Products */,
				C5AE9B8DEAD9A292ED4D42DC /* Pods */,
				1D7BC6A54EC8F05674033AA8 /* Frameworks */,
			);
			sourceTree = "<group>";
		};
		986A5F472934912F0065AE34 /* Products */ = {
			isa = PBXGroup;
			children = (
				986A5F462934912F0065AE34 /* NetAndCoreDataProject.app */,
			);
			name = Products;
			sourceTree = "<group>";
		};
		986A5F482934912F0065AE34 /* NetAndCoreDataProject */ = {
			isa = PBXGroup;
			children = (
				986A5F492934912F0065AE34 /* AppDelegate.swift */,
				986A5F4B2934912F0065AE34 /* SceneDelegate.swift */,
				986A5F4D2934912F0065AE34 /* ViewController.swift */,
				986A5F4F2934912F0065AE34 /* Main.storyboard */,
				986A5F52293491310065AE34 /* Assets.xcassets */,
				986A5F54293491310065AE34 /* LaunchScreen.storyboard */,
				986A5F57293491310065AE34 /* Info.plist */,
				986A5F5E293492820065AE34 /* ArticleTableViewCell.swift */,
				986A5F60293492D50065AE34 /* ArticleModel.swift */,
				986A5F622934ABFA0065AE34 /* ArticleResponseModel.swift */,
				986A5F672934C40D0065AE34 /* ArticleCoreDataManager.swift */,
				986A5F642934C2810065AE34 /* NetAndCoreDataProject.xcdatamodeld */,
			);
			path = NetAndCoreDataProject;
			sourceTree = "<group>";
		};
		C5AE9B8DEAD9A292ED4D42DC /* Pods */ = {
			isa = PBXGroup;
			children = (
				64D31778F2F5D0806EE86613 /* Pods-NetAndCoreDataProject.debug.xcconfig */,
				769BE23AE02C6EA0A9BF99D7 /* Pods-NetAndCoreDataProject.release.xcconfig */,
			);
			path = Pods;
			sourceTree = "<group>";
		};
/* End PBXGroup section */

/* Begin PBXNativeTarget section */
		986A5F452934912F0065AE34 /* NetAndCoreDataProject */ = {
			isa = PBXNativeTarget;
			buildConfigurationList = 986A5F5A293491310065AE34 /* Build configuration list for PBXNativeTarget "NetAndCoreDataProject" */;
			buildPhases = (
				6A4531E8990CA9B36F2A85C9 /* [CP] Check Pods Manifest.lock */,
				986A5F422934912F0065AE34 /* Sources */,
				986A5F432934912F0065AE34 /* Frameworks */,
				986A5F442934912F0065AE34 /* Resources */,
				C07BC1A21A93EE7E735D72AB /* [CP] Embed Pods Frameworks */,
			);
			buildRules = (
			);
			dependencies = (
			);
			name = NetAndCoreDataProject;
			productName = NetAndCoreDataProject;
			productReference = 986A5F462934912F0065AE34 /* NetAndCoreDataProject.app */;
			productType = "com.apple.product-type.application";
		};
/* End PBXNativeTarget section */

/* Begin PBXProject section */
		986A5F3E2934912F0065AE34 /* Project object */ = {
			isa = PBXProject;
			attributes = {
				BuildIndependentTargetsInParallel = 1;
				LastSwiftUpdateCheck = 1410;
				LastUpgradeCheck = 1410;
				TargetAttributes = {
					986A5F452934912F0065AE34 = {
						CreatedOnToolsVersion = 14.1;
					};
				};
			};
			buildConfigurationList = 986A5F412934912F0065AE34 /* Build configuration list for PBXProject "NetAndCoreDataProject" */;
			compatibilityVersion = "Xcode 13.0";
			developmentRegion = en;
			hasScannedForEncodings = 0;
			knownRegions = (
				en,
				Base,
			);
			mainGroup = 986A5F3D2934912F0065AE34;
			productRefGroup = 986A5F472934912F0065AE34 /* Products */;
			projectDirPath = "";
			projectRoot = "";
			targets = (
				986A5F452934912F0065AE34 /* NetAndCoreDataProject */,
			);
		};
/* End PBXProject section */

/* Begin PBXResourcesBuildPhase section */
		986A5F442934912F0065AE34 /* Resources */ = {
			isa = PBXResourcesBuildPhase;
			buildActionMask = 2147483647;
			files = (
				986A5F56293491310065AE34 /* LaunchScreen.storyboard in Resources */,
				986A5F53293491310065AE34 /* Assets.xcassets in Resources */,
				986A5F512934912F0065AE34 /* Main.storyboard in Resources */,
			);
			runOnlyForDeploymentPostprocessing = 0;
		};
/* End PBXResourcesBuildPhase section */

/* Begin PBXShellScriptBuildPhase section */
		6A4531E8990CA9B36F2A85C9 /* [CP] Check Pods Manifest.lock */ = {
			isa = PBXShellScriptBuildPhase;
			buildActionMask = 2147483647;
			files = (
			);
			inputFileListPaths = (
			);
			inputPaths = (
				"${PODS_PODFILE_DIR_PATH}/Podfile.lock",
				"${PODS_ROOT}/Manifest.lock",
			);
			name = "[CP] Check Pods Manifest.lock";
			outputFileListPaths = (
			);
			outputPaths = (
				"$(DERIVED_FILE_DIR)/Pods-NetAndCoreDataProject-checkManifestLockResult.txt",
			);
			runOnlyForDeploymentPostprocessing = 0;
			shellPath = /bin/sh;
			shellScript = "diff \"${PODS_PODFILE_DIR_PATH}/Podfile.lock\" \"${PODS_ROOT}/Manifest.lock\" > /dev/null\nif [ $? != 0 ] ; then\n    # print error to STDERR\n    echo \"error: The sandbox is not in sync with the Podfile.lock. Run 'pod install' or update your CocoaPods installation.\" >&2\n    exit 1\nfi\n# This output is used by Xcode 'outputs' to avoid re-running this script phase.\necho \"SUCCESS\" > \"${SCRIPT_OUTPUT_FILE_0}\"\n";
			showEnvVarsInLog = 0;
		};
		C07BC1A21A93EE7E735D72AB /* [CP] Embed Pods Frameworks */ = {
			isa = PBXShellScriptBuildPhase;
			buildActionMask = 2147483647;
			files = (
			);
			inputFileListPaths = (
				"${PODS_ROOT}/Target Support Files/Pods-NetAndCoreDataProject/Pods-NetAndCoreDataProject-frameworks-${CONFIGURATION}-input-files.xcfilelist",
			);
			name = "[CP] Embed Pods Frameworks";
			outputFileListPaths = (
				"${PODS_ROOT}/Target Support Files/Pods-NetAndCoreDataProject/Pods-NetAndCoreDataProject-frameworks-${CONFIGURATION}-output-files.xcfilelist",
			);
			runOnlyForDeploymentPostprocessing = 0;
			shellPath = /bin/sh;
			shellScript = "\"${PODS_ROOT}/Target Support Files/Pods-NetAndCoreDataProject/Pods-NetAndCoreDataProject-frameworks.sh\"\n";
			showEnvVarsInLog = 0;
		};
/* End PBXShellScriptBuildPhase section */

/* Begin PBXSourcesBuildPhase section */
		986A5F422934912F0065AE34 /* Sources */ = {
			isa = PBXSourcesBuildPhase;
			buildActionMask = 2147483647;
			files = (
				986A5F61293492D50065AE34 /* ArticleModel.swift in Sources */,
				986A5F682934C40D0065AE34 /* ArticleCoreDataManager.swift in Sources */,
				986A5F5F293492820065AE34 /* ArticleTableViewCell.swift in Sources */,
				986A5F4E2934912F0065AE34 /* ViewController.swift in Sources */,
				986A5F662934C2810065AE34 /* NetAndCoreDataProject.xcdatamodeld in Sources */,
				986A5F4A2934912F0065AE34 /* AppDelegate.swift in Sources */,
				986A5F4C2934912F0065AE34 /* SceneDelegate.swift in Sources */,
				986A5F632934ABFA0065AE34 /* ArticleResponseModel.swift in Sources */,
			);
			runOnlyForDeploymentPostprocessing = 0;
		};
/* End PBXSourcesBuildPhase section */

/* Begin PBXVariantGroup section */
		986A5F4F2934912F0065AE34 /* Main.storyboard */ = {
			isa = PBXVariantGroup;
			children = (
				986A5F502934912F0065AE34 /* Base */,
			);
			name = Main.storyboard;
			sourceTree = "<group>";
		};
		986A5F54293491310065AE34 /* LaunchScreen.storyboard */ = {
			isa = PBXVariantGroup;
			children = (
				986A5F55293491310065AE34 /* Base */,
			);
			name = LaunchScreen.storyboard;
			sourceTree = "<group>";
		};
/* End PBXVariantGroup section */

/* Begin XCBuildConfiguration section */
		986A5F58293491310065AE34 /* Debug */ = {
			isa = XCBuildConfiguration;
			buildSettings = {
				ALWAYS_SEARCH_USER_PATHS = NO;
				CLANG_ANALYZER_NONNULL = YES;
				CLANG_ANALYZER_NUMBER_OBJECT_CONVERSION = YES_AGGRESSIVE;
				CLANG_CXX_LANGUAGE_STANDARD = "gnu++20";
				CLANG_ENABLE_MODULES = YES;
				CLANG_ENABLE_OBJC_ARC = YES;
				CLANG_ENABLE_OBJC_WEAK = YES;
				CLANG_WARN_BLOCK_CAPTURE_AUTORELEASING = YES;
				CLANG_WARN_BOOL_CONVERSION = YES;
				CLANG_WARN_COMMA = YES;
				CLANG_WARN_CONSTANT_CONVERSION = YES;
				CLANG_WARN_DEPRECATED_OBJC_IMPLEMENTATIONS = YES;
				CLANG_WARN_DIRECT_OBJC_ISA_USAGE = YES_ERROR;
				CLANG_WARN_DOCUMENTATION_COMMENTS = YES;
				CLANG_WARN_EMPTY_BODY = YES;
				CLANG_WARN_ENUM_CONVERSION = YES;
				CLANG_WARN_INFINITE_RECURSION = YES;
				CLANG_WARN_INT_CONVERSION = YES;
				CLANG_WARN_NON_LITERAL_NULL_CONVERSION = YES;
				CLANG_WARN_OBJC_IMPLICIT_RETAIN_SELF = YES;
				CLANG_WARN_OBJC_LITERAL_CONVERSION = YES;
				CLANG_WARN_OBJC_ROOT_CLASS = YES_ERROR;
				CLANG_WARN_QUOTED_INCLUDE_IN_FRAMEWORK_HEADER = YES;
				CLANG_WARN_RANGE_LOOP_ANALYSIS = YES;
				CLANG_WARN_STRICT_PROTOTYPES = YES;
				CLANG_WARN_SUSPICIOUS_MOVE = YES;
				CLANG_WARN_UNGUARDED_AVAILABILITY = YES_AGGRESSIVE;
				CLANG_WARN_UNREACHABLE_CODE = YES;
				CLANG_WARN__DUPLICATE_METHOD_MATCH = YES;
				COPY_PHASE_STRIP = NO;
				DEBUG_INFORMATION_FORMAT = dwarf;
				ENABLE_STRICT_OBJC_MSGSEND = YES;
				ENABLE_TESTABILITY = YES;
				GCC_C_LANGUAGE_STANDARD = gnu11;
				GCC_DYNAMIC_NO_PIC = NO;
				GCC_NO_COMMON_BLOCKS = YES;
				GCC_OPTIMIZATION_LEVEL = 0;
				GCC_PREPROCESSOR_DEFINITIONS = (
					"DEBUG=1",
					"$(inherited)",
				);
				GCC_WARN_64_TO_32_BIT_CONVERSION = YES;
				GCC_WARN_ABOUT_RETURN_TYPE = YES_ERROR;
				GCC_WARN_UNDECLARED_SELECTOR = YES;
				GCC_WARN_UNINITIALIZED_AUTOS = YES_AGGRESSIVE;
				GCC_WARN_UNUSED_FUNCTION = YES;
				GCC_WARN_UNUSED_VARIABLE = YES;
				IPHONEOS_DEPLOYMENT_TARGET = 16.1;
				MTL_ENABLE_DEBUG_INFO = INCLUDE_SOURCE;
				MTL_FAST_MATH = YES;
				ONLY_ACTIVE_ARCH = YES;
				SDKROOT = iphoneos;
				SWIFT_ACTIVE_COMPILATION_CONDITIONS = DEBUG;
				SWIFT_OPTIMIZATION_LEVEL = "-Onone";
			};
			name = Debug;
		};
		986A5F59293491310065AE34 /* Release */ = {
			isa = XCBuildConfiguration;
			buildSettings = {
				ALWAYS_SEARCH_USER_PATHS = NO;
				CLANG_ANALYZER_NONNULL = YES;
				CLANG_ANALYZER_NUMBER_OBJECT_CONVERSION = YES_AGGRESSIVE;
				CLANG_CXX_LANGUAGE_STANDARD = "gnu++20";
				CLANG_ENABLE_MODULES = YES;
				CLANG_ENABLE_OBJC_ARC = YES;
				CLANG_ENABLE_OBJC_WEAK = YES;
				CLANG_WARN_BLOCK_CAPTURE_AUTORELEASING = YES;
				CLANG_WARN_BOOL_CONVERSION = YES;
				CLANG_WARN_COMMA = YES;
				CLANG_WARN_CONSTANT_CONVERSION = YES;
				CLANG_WARN_DEPRECATED_OBJC_IMPLEMENTATIONS = YES;
				CLANG_WARN_DIRECT_OBJC_ISA_USAGE = YES_ERROR;
				CLANG_WARN_DOCUMENTATION_COMMENTS = YES;
				CLANG_WARN_EMPTY_BODY = YES;
				CLANG_WARN_ENUM_CONVERSION = YES;
				CLANG_WARN_INFINITE_RECURSION = YES;
				CLANG_WARN_INT_CONVERSION = YES;
				CLANG_WARN_NON_LITERAL_NULL_CONVERSION = YES;
				CLANG_WARN_OBJC_IMPLICIT_RETAIN_SELF = YES;
				CLANG_WARN_OBJC_LITERAL_CONVERSION = YES;
				CLANG_WARN_OBJC_ROOT_CLASS = YES_ERROR;
				CLANG_WARN_QUOTED_INCLUDE_IN_FRAMEWORK_HEADER = YES;
				CLANG_WARN_RANGE_LOOP_ANALYSIS = YES;
				CLANG_WARN_STRICT_PROTOTYPES = YES;
				CLANG_WARN_SUSPICIOUS_MOVE = YES;
				CLANG_WARN_UNGUARDED_AVAILABILITY = YES_AGGRESSIVE;
				CLANG_WARN_UNREACHABLE_CODE = YES;
				CLANG_WARN__DUPLICATE_METHOD_MATCH = YES;
				COPY_PHASE_STRIP = NO;
				DEBUG_INFORMATION_FORMAT = "dwarf-with-dsym";
				ENABLE_NS_ASSERTIONS = NO;
				ENABLE_STRICT_OBJC_MSGSEND = YES;
				GCC_C_LANGUAGE_STANDARD = gnu11;
				GCC_NO_COMMON_BLOCKS = YES;
				GCC_WARN_64_TO_32_BIT_CONVERSION = YES;
				GCC_WARN_ABOUT_RETURN_TYPE = YES_ERROR;
				GCC_WARN_UNDECLARED_SELECTOR = YES;
				GCC_WARN_UNINITIALIZED_AUTOS = YES_AGGRESSIVE;
				GCC_WARN_UNUSED_FUNCTION = YES;
				GCC_WARN_UNUSED_VARIABLE = YES;
				IPHONEOS_DEPLOYMENT_TARGET = 16.1;
				MTL_ENABLE_DEBUG_INFO = NO;
				MTL_FAST_MATH = YES;
				SDKROOT = iphoneos;
				SWIFT_COMPILATION_MODE = wholemodule;
				SWIFT_OPTIMIZATION_LEVEL = "-O";
				VALIDATE_PRODUCT = YES;
			};
			name = Release;
		};
		986A5F5B293491310065AE34 /* Debug */ = {
			isa = XCBuildConfiguration;
			baseConfigurationReference = 64D31778F2F5D0806EE86613 /* Pods-NetAndCoreDataProject.debug.xcconfig */;
			buildSettings = {
				ASSETCATALOG_COMPILER_APPICON_NAME = AppIcon;
				ASSETCATALOG_COMPILER_GLOBAL_ACCENT_COLOR_NAME = AccentColor;
				CODE_SIGN_STYLE = Automatic;
				CURRENT_PROJECT_VERSION = 1;
				DEVELOPMENT_TEAM = C76V4AJ834;
				GENERATE_INFOPLIST_FILE = YES;
				INFOPLIST_FILE = NetAndCoreDataProject/Info.plist;
				INFOPLIST_KEY_UIApplicationSupportsIndirectInputEvents = YES;
				INFOPLIST_KEY_UILaunchStoryboardName = LaunchScreen;
				INFOPLIST_KEY_UIMainStoryboardFile = Main;
				INFOPLIST_KEY_UISupportedInterfaceOrientations_iPad = "UIInterfaceOrientationPortrait UIInterfaceOrientationPortraitUpsideDown UIInterfaceOrientationLandscapeLeft UIInterfaceOrientationLandscapeRight";
				INFOPLIST_KEY_UISupportedInterfaceOrientations_iPhone = "UIInterfaceOrientationPortrait UIInterfaceOrientationLandscapeLeft UIInterfaceOrientationLandscapeRight";
				LD_RUNPATH_SEARCH_PATHS = (
					"$(inherited)",
					"@executable_path/Frameworks",
				);
				MARKETING_VERSION = 1.0;
				PRODUCT_BUNDLE_IDENTIFIER = jechin.NetAndCoreDataProject;
				PRODUCT_NAME = "$(TARGET_NAME)";
				SWIFT_EMIT_LOC_STRINGS = YES;
				SWIFT_VERSION = 5.0;
				TARGETED_DEVICE_FAMILY = "1,2";
			};
			name = Debug;
		};
		986A5F5C293491310065AE34 /* Release */ = {
			isa = XCBuildConfiguration;
			baseConfigurationReference = 769BE23AE02C6EA0A9BF99D7 /* Pods-NetAndCoreDataProject.release.xcconfig */;
			buildSettings = {
				ASSETCATALOG_COMPILER_APPICON_NAME = AppIcon;
				ASSETCATALOG_COMPILER_GLOBAL_ACCENT_COLOR_NAME = AccentColor;
				CODE_SIGN_STYLE = Automatic;
				CURRENT_PROJECT_VERSION = 1;
				DEVELOPMENT_TEAM = C76V4AJ834;
				GENERATE_INFOPLIST_FILE = YES;
				INFOPLIST_FILE = NetAndCoreDataProject/Info.plist;
				INFOPLIST_KEY_UIApplicationSupportsIndirectInputEvents = YES;
				INFOPLIST_KEY_UILaunchStoryboardName = LaunchScreen;
				INFOPLIST_KEY_UIMainStoryboardFile = Main;
				INFOPLIST_KEY_UISupportedInterfaceOrientations_iPad = "UIInterfaceOrientationPortrait UIInterfaceOrientationPortraitUpsideDown UIInterfaceOrientationLandscapeLeft UIInterfaceOrientationLandscapeRight";
				INFOPLIST_KEY_UISupportedInterfaceOrientations_iPhone = "UIInterfaceOrientationPortrait UIInterfaceOrientationLandscapeLeft UIInterfaceOrientationLandscapeRight";
				LD_RUNPATH_SEARCH_PATHS = (
					"$(inherited)",
					"@executable_path/Frameworks",
				);
				MARKETING_VERSION = 1.0;
				PRODUCT_BUNDLE_IDENTIFIER = jechin.NetAndCoreDataProject;
				PRODUCT_NAME = "$(TARGET_NAME)";
				SWIFT_EMIT_LOC_STRINGS = YES;
				SWIFT_VERSION = 5.0;
				TARGETED_DEVICE_FAMILY = "1,2";
			};
			name = Release;
		};
/* End XCBuildConfiguration section */

/* Begin XCConfigurationList section */
		986A5F412934912F0065AE34 /* Build configuration list for PBXProject "NetAndCoreDataProject" */ = {
			isa = XCConfigurationList;
			buildConfigurations = (
				986A5F58293491310065AE34 /* Debug */,
				986A5F59293491310065AE34 /* Release */,
			);
			defaultConfigurationIsVisible = 0;
			defaultConfigurationName = Release;
		};
		986A5F5A293491310065AE34 /* Build configuration list for PBXNativeTarget "NetAndCoreDataProject" */ = {
			isa = XCConfigurationList;
			buildConfigurations = (
				986A5F5B293491310065AE34 /* Debug */,
				986A5F5C293491310065AE34 /* Release */,
			);
			defaultConfigurationIsVisible = 0;
			defaultConfigurationName = Release;
		};
/* End XCConfigurationList section */

/* Begin XCVersionGroup section */
		986A5F642934C2810065AE34 /* NetAndCoreDataProject.xcdatamodeld */ = {
			isa = XCVersionGroup;
			children = (
				986A5F652934C2810065AE34 /* NetAndCoreDataProject.xcdatamodel */,
			);
			currentVersion = 986A5F652934C2810065AE34 /* NetAndCoreDataProject.xcdatamodel */;
			path = NetAndCoreDataProject.xcdatamodeld;
			sourceTree = "<group>";
			versionGroupType = wrapper.xcdatamodel;
		};
/* End XCVersionGroup section */
	};
	rootObject = 986A5F3E2934912F0065AE34 /* Project object */;
}
