// !$*UTF8*$!
{
	archiveVersion = 1;
	classes = {
	};
	objectVersion = 55;
	objects = {

/* Begin PBXBuildFile section */
		986E6F8A292B4B0900160108 /* AppDelegate.swift in Sources */ = {isa = PBXBuildFile; fileRef = 986E6F89292B4B0900160108 /* AppDelegate.swift */; };
		986E6F8C292B4B0900160108 /* SceneDelegate.swift in Sources */ = {isa = PBXBuildFile; fileRef = 986E6F8B292B4B0900160108 /* SceneDelegate.swift */; };
		986E6F8E292B4B0900160108 /* ViewController.swift in Sources */ = {isa = PBXBuildFile; fileRef = 986E6F8D292B4B0900160108 /* ViewController.swift */; };
		986E6F91292B4B0900160108 /* Main.storyboard in Resources */ = {isa = PBXBuildFile; fileRef = 986E6F8F292B4B0900160108 /* Main.storyboard */; };
		986E6F93292B4B0C00160108 /* Assets.xcassets in Resources */ = {isa = PBXBuildFile; fileRef = 986E6F92292B4B0C00160108 /* Assets.xcassets */; };
		986E6F96292B4B0C00160108 /* LaunchScreen.storyboard in Resources */ = {isa = PBXBuildFile; fileRef = 986E6F94292B4B0C00160108 /* LaunchScreen.storyboard */; };
		986E6F9E292B4EEC00160108 /* MessageTableViewCell.swift in Sources */ = {isa = PBXBuildFile; fileRef = 986E6F9D292B4EEC00160108 /* MessageTableViewCell.swift */; };
		986E6FA0292B50A200160108 /* MessageModel.swift in Sources */ = {isa = PBXBuildFile; fileRef = 986E6F9F292B50A200160108 /* MessageModel.swift */; };
		986E6FA2292B50DB00160108 /* SecondViewController.swift in Sources */ = {isa = PBXBuildFile; fileRef = 986E6FA1292B50DB00160108 /* SecondViewController.swift */; };
		D5C4F2CAE534DEDFABCF8F1E /* Pods_TableViewProject.framework in Frameworks */ = {isa = PBXBuildFile; fileRef = 49BCED2D7E9E4B5217040F71 /* Pods_TableViewProject.framework */; };
/* End PBXBuildFile section */

/* Begin PBXFileReference section */
		49BCED2D7E9E4B5217040F71 /* Pods_TableViewProject.framework */ = {isa = PBXFileReference; explicitFileType = wrapper.framework; includeInIndex = 0; path = Pods_TableViewProject.framework; sourceTree = BUILT_PRODUCTS_DIR; };
		825B17EA6760E5B0A782E5AB /* Pods-TableViewProject.release.xcconfig */ = {isa = PBXFileReference; includeInIndex = 1; lastKnownFileType = text.xcconfig; name = "Pods-TableViewProject.release.xcconfig"; path = "Target Support Files/Pods-TableViewProject/Pods-TableViewProject.release.xcconfig"; sourceTree = "<group>"; };
		986E6F86292B4B0900160108 /* TableViewProject.app */ = {isa = PBXFileReference; explicitFileType = wrapper.application; includeInIndex = 0; path = TableViewProject.app; sourceTree = BUILT_PRODUCTS_DIR; };
		986E6F89292B4B0900160108 /* AppDelegate.swift */ = {isa = PBXFileReference; lastKnownFileType = sourcecode.swift; path = AppDelegate.swift; sourceTree = "<group>"; };
		986E6F8B292B4B0900160108 /* SceneDelegate.swift */ = {isa = PBXFileReference; lastKnownFileType = sourcecode.swift; path = SceneDelegate.swift; sourceTree = "<group>"; };
		986E6F8D292B4B0900160108 /* ViewController.swift */ = {isa = PBXFileReference; lastKnownFileType = sourcecode.swift; path = ViewController.swift; sourceTree = "<group>"; };
		986E6F90292B4B0900160108 /* Base */ = {isa = PBXFileReference; lastKnownFileType = file.storyboard; name = Base; path = Base.lproj/Main.storyboard; sourceTree = "<group>"; };
		986E6F92292B4B0C00160108 /* Assets.xcassets */ = {isa = PBXFileReference; lastKnownFileType = folder.assetcatalog; path = Assets.xcassets; sourceTree = "<group>"; };
		986E6F95292B4B0C00160108 /* Base */ = {isa = PBXFileReference; lastKnownFileType = file.storyboard; name = Base; path = Base.lproj/LaunchScreen.storyboard; sourceTree = "<group>"; };
		986E6F97292B4B0C00160108 /* Info.plist */ = {isa = PBXFileReference; lastKnownFileType = text.plist.xml; path = Info.plist; sourceTree = "<group>"; };
		986E6F9D292B4EEC00160108 /* MessageTableViewCell.swift */ = {isa = PBXFileReference; lastKnownFileType = sourcecode.swift; path = MessageTableViewCell.swift; sourceTree = "<group>"; };
		986E6F9F292B50A200160108 /* MessageModel.swift */ = {isa = PBXFileReference; lastKnownFileType = sourcecode.swift; path = MessageModel.swift; sourceTree = "<group>"; };
		986E6FA1292B50DB00160108 /* SecondViewController.swift */ = {isa = PBXFileReference; lastKnownFileType = sourcecode.swift; path = SecondViewController.swift; sourceTree = "<group>"; };
		9E7F3929E43CED0405F1B1D8 /* Pods-TableViewProject.debug.xcconfig */ = {isa = PBXFileReference; includeInIndex = 1; lastKnownFileType = text.xcconfig; name = "Pods-TableViewProject.debug.xcconfig"; path = "Target Support Files/Pods-TableViewProject/Pods-TableViewProject.debug.xcconfig"; sourceTree = "<group>"; };
/* End PBXFileReference section */

/* Begin PBXFrameworksBuildPhase section */
		986E6F83292B4B0900160108 /* Frameworks */ = {
			isa = PBXFrameworksBuildPhase;
			buildActionMask = 2147483647;
			files = (
				D5C4F2CAE534DEDFABCF8F1E /* Pods_TableViewProject.framework in Frameworks */,
			);
			runOnlyForDeploymentPostprocessing = 0;
		};
/* End PBXFrameworksBuildPhase section */

/* Begin PBXGroup section */
		9632F2384A87FA3C8D3FE8E0 /* Frameworks */ = {
			isa = PBXGroup;
			children = (
				49BCED2D7E9E4B5217040F71 /* Pods_TableViewProject.framework */,
			);
			name = Frameworks;
			sourceTree = "<group>";
		};
		986E6F7D292B4B0900160108 = {
			isa = PBXGroup;
			children = (
				986E6F88292B4B0900160108 /* TableViewProject */,
				986E6F87292B4B0900160108 /* Products */,
				98E0E5797BDA4892DE3F5FAE /* Pods */,
				9632F2384A87FA3C8D3FE8E0 /* Frameworks */,
			);
			sourceTree = "<group>";
		};
		986E6F87292B4B0900160108 /* Products */ = {
			isa = PBXGroup;
			children = (
				986E6F86292B4B0900160108 /* TableViewProject.app */,
			);
			name = Products;
			sourceTree = "<group>";
		};
		986E6F88292B4B0900160108 /* TableViewProject */ = {
			isa = PBXGroup;
			children = (
				986E6F89292B4B0900160108 /* AppDelegate.swift */,
				986E6F8B292B4B0900160108 /* SceneDelegate.swift */,
				986E6F8D292B4B0900160108 /* ViewController.swift */,
				986E6F8F292B4B0900160108 /* Main.storyboard */,
				986E6F92292B4B0C00160108 /* Assets.xcassets */,
				986E6F94292B4B0C00160108 /* LaunchScreen.storyboard */,
				986E6F97292B4B0C00160108 /* Info.plist */,
				986E6F9D292B4EEC00160108 /* MessageTableViewCell.swift */,
				986E6F9F292B50A200160108 /* MessageModel.swift */,
				986E6FA1292B50DB00160108 /* SecondViewController.swift */,
			);
			path = TableViewProject;
			sourceTree = "<group>";
		};
		98E0E5797BDA4892DE3F5FAE /* Pods */ = {
			isa = PBXGroup;
			children = (
				9E7F3929E43CED0405F1B1D8 /* Pods-TableViewProject.debug.xcconfig */,
				825B17EA6760E5B0A782E5AB /* Pods-TableViewProject.release.xcconfig */,
			);
			path = Pods;
			sourceTree = "<group>";
		};
/* End PBXGroup section */

/* Begin PBXNativeTarget section */
		986E6F85292B4B0900160108 /* TableViewProject */ = {
			isa = PBXNativeTarget;
			buildConfigurationList = 986E6F9A292B4B0C00160108 /* Build configuration list for PBXNativeTarget "TableViewProject" */;
			buildPhases = (
				EF10C019943868858A27C49A /* [CP] Check Pods Manifest.lock */,
				986E6F82292B4B0900160108 /* Sources */,
				986E6F83292B4B0900160108 /* Frameworks */,
				986E6F84292B4B0900160108 /* Resources */,
				8BC4CA14A4E17ECD984E39BB /* [CP] Embed Pods Frameworks */,
			);
			buildRules = (
			);
			dependencies = (
			);
			name = TableViewProject;
			productName = TableViewProject;
			productReference = 986E6F86292B4B0900160108 /* TableViewProject.app */;
			productType = "com.apple.product-type.application";
		};
/* End PBXNativeTarget section */

/* Begin PBXProject section */
		986E6F7E292B4B0900160108 /* Project object */ = {
			isa = PBXProject;
			attributes = {
				BuildIndependentTargetsInParallel = 1;
				LastSwiftUpdateCheck = 1410;
				LastUpgradeCheck = 1410;
				TargetAttributes = {
					986E6F85292B4B0900160108 = {
						CreatedOnToolsVersion = 14.1;
					};
				};
			};
			buildConfigurationList = 986E6F81292B4B0900160108 /* Build configuration list for PBXProject "TableViewProject" */;
			compatibilityVersion = "Xcode 13.0";
			developmentRegion = en;
			hasScannedForEncodings = 0;
			knownRegions = (
				en,
				Base,
			);
			mainGroup = 986E6F7D292B4B0900160108;
			productRefGroup = 986E6F87292B4B0900160108 /* Products */;
			projectDirPath = "";
			projectRoot = "";
			targets = (
				986E6F85292B4B0900160108 /* TableViewProject */,
			);
		};
/* End PBXProject section */

/* Begin PBXResourcesBuildPhase section */
		986E6F84292B4B0900160108 /* Resources */ = {
			isa = PBXResourcesBuildPhase;
			buildActionMask = 2147483647;
			files = (
				986E6F96292B4B0C00160108 /* LaunchScreen.storyboard in Resources */,
				986E6F93292B4B0C00160108 /* Assets.xcassets in Resources */,
				986E6F91292B4B0900160108 /* Main.storyboard in Resources */,
			);
			runOnlyForDeploymentPostprocessing = 0;
		};
/* End PBXResourcesBuildPhase section */

/* Begin PBXShellScriptBuildPhase section */
		8BC4CA14A4E17ECD984E39BB /* [CP] Embed Pods Frameworks */ = {
			isa = PBXShellScriptBuildPhase;
			buildActionMask = 2147483647;
			files = (
			);
			inputFileListPaths = (
				"${PODS_ROOT}/Target Support Files/Pods-TableViewProject/Pods-TableViewProject-frameworks-${CONFIGURATION}-input-files.xcfilelist",
			);
			name = "[CP] Embed Pods Frameworks";
			outputFileListPaths = (
				"${PODS_ROOT}/Target Support Files/Pods-TableViewProject/Pods-TableViewProject-frameworks-${CONFIGURATION}-output-files.xcfilelist",
			);
			runOnlyForDeploymentPostprocessing = 0;
			shellPath = /bin/sh;
			shellScript = "\"${PODS_ROOT}/Target Support Files/Pods-TableViewProject/Pods-TableViewProject-frameworks.sh\"\n";
			showEnvVarsInLog = 0;
		};
		EF10C019943868858A27C49A /* [CP] Check Pods Manifest.lock */ = {
			isa = PBXShellScriptBuildPhase;
			buildActionMask = 2147483647;
			files = (
			);
			inputFileListPaths = (
			);
			inputPaths = (
				"${PODS_PODFILE_DIR_PATH}/Podfile.lock",
				"${PODS_ROOT}/Manifest.lock",
			);
			name = "[CP] Check Pods Manifest.lock";
			outputFileListPaths = (
			);
			outputPaths = (
				"$(DERIVED_FILE_DIR)/Pods-TableViewProject-checkManifestLockResult.txt",
			);
			runOnlyForDeploymentPostprocessing = 0;
			shellPath = /bin/sh;
			shellScript = "diff \"${PODS_PODFILE_DIR_PATH}/Podfile.lock\" \"${PODS_ROOT}/Manifest.lock\" > /dev/null\nif [ $? != 0 ] ; then\n    # print error to STDERR\n    echo \"error: The sandbox is not in sync with the Podfile.lock. Run 'pod install' or update your CocoaPods installation.\" >&2\n    exit 1\nfi\n# This output is used by Xcode 'outputs' to avoid re-running this script phase.\necho \"SUCCESS\" > \"${SCRIPT_OUTPUT_FILE_0}\"\n";
			showEnvVarsInLog = 0;
		};
/* End PBXShellScriptBuildPhase section */

/* Begin PBXSourcesBuildPhase section */
		986E6F82292B4B0900160108 /* Sources */ = {
			isa = PBXSourcesBuildPhase;
			buildActionMask = 2147483647;
			files = (
				986E6FA2292B50DB00160108 /* SecondViewController.swift in Sources */,
				986E6FA0292B50A200160108 /* MessageModel.swift in Sources */,
				986E6F8E292B4B0900160108 /* ViewController.swift in Sources */,
				986E6F9E292B4EEC00160108 /* MessageTableViewCell.swift in Sources */,
				986E6F8A292B4B0900160108 /* AppDelegate.swift in Sources */,
				986E6F8C292B4B0900160108 /* SceneDelegate.swift in Sources */,
			);
			runOnlyForDeploymentPostprocessing = 0;
		};
/* End PBXSourcesBuildPhase section */

/* Begin PBXVariantGroup section */
		986E6F8F292B4B0900160108 /* Main.storyboard */ = {
			isa = PBXVariantGroup;
			children = (
				986E6F90292B4B0900160108 /* Base */,
			);
			name = Main.storyboard;
			sourceTree = "<group>";
		};
		986E6F94292B4B0C00160108 /* LaunchScreen.storyboard */ = {
			isa = PBXVariantGroup;
			children = (
				986E6F95292B4B0C00160108 /* Base */,
			);
			name = LaunchScreen.storyboard;
			sourceTree = "<group>";
		};
/* End PBXVariantGroup section */

/* Begin XCBuildConfiguration section */
		986E6F98292B4B0C00160108 /* Debug */ = {
			isa = XCBuildConfiguration;
			buildSettings = {
				ALWAYS_SEARCH_USER_PATHS = NO;
				CLANG_ANALYZER_NONNULL = YES;
				CLANG_ANALYZER_NUMBER_OBJECT_CONVERSION = YES_AGGRESSIVE;
				CLANG_CXX_LANGUAGE_STANDARD = "gnu++20";
				CLANG_ENABLE_MODULES = YES;
				CLANG_ENABLE_OBJC_ARC = YES;
				CLANG_ENABLE_OBJC_WEAK = YES;
				CLANG_WARN_BLOCK_CAPTURE_AUTORELEASING = YES;
				CLANG_WARN_BOOL_CONVERSION = YES;
				CLANG_WARN_COMMA = YES;
				CLANG_WARN_CONSTANT_CONVERSION = YES;
				CLANG_WARN_DEPRECATED_OBJC_IMPLEMENTATIONS = YES;
				CLANG_WARN_DIRECT_OBJC_ISA_USAGE = YES_ERROR;
				CLANG_WARN_DOCUMENTATION_COMMENTS = YES;
				CLANG_WARN_EMPTY_BODY = YES;
				CLANG_WARN_ENUM_CONVERSION = YES;
				CLANG_WARN_INFINITE_RECURSION = YES;
				CLANG_WARN_INT_CONVERSION = YES;
				CLANG_WARN_NON_LITERAL_NULL_CONVERSION = YES;
				CLANG_WARN_OBJC_IMPLICIT_RETAIN_SELF = YES;
				CLANG_WARN_OBJC_LITERAL_CONVERSION = YES;
				CLANG_WARN_OBJC_ROOT_CLASS = YES_ERROR;
				CLANG_WARN_QUOTED_INCLUDE_IN_FRAMEWORK_HEADER = YES;
				CLANG_WARN_RANGE_LOOP_ANALYSIS = YES;
				CLANG_WARN_STRICT_PROTOTYPES = YES;
				CLANG_WARN_SUSPICIOUS_MOVE = YES;
				CLANG_WARN_UNGUARDED_AVAILABILITY = YES_AGGRESSIVE;
				CLANG_WARN_UNREACHABLE_CODE = YES;
				CLANG_WARN__DUPLICATE_METHOD_MATCH = YES;
				COPY_PHASE_STRIP = NO;
				DEBUG_INFORMATION_FORMAT = dwarf;
				ENABLE_STRICT_OBJC_MSGSEND = YES;
				ENABLE_TESTABILITY = YES;
				GCC_C_LANGUAGE_STANDARD = gnu11;
				GCC_DYNAMIC_NO_PIC = NO;
				GCC_NO_COMMON_BLOCKS = YES;
				GCC_OPTIMIZATION_LEVEL = 0;
				GCC_PREPROCESSOR_DEFINITIONS = (
					"DEBUG=1",
					"$(inherited)",
				);
				GCC_WARN_64_TO_32_BIT_CONVERSION = YES;
				GCC_WARN_ABOUT_RETURN_TYPE = YES_ERROR;
				GCC_WARN_UNDECLARED_SELECTOR = YES;
				GCC_WARN_UNINITIALIZED_AUTOS = YES_AGGRESSIVE;
				GCC_WARN_UNUSED_FUNCTION = YES;
				GCC_WARN_UNUSED_VARIABLE = YES;
				IPHONEOS_DEPLOYMENT_TARGET = 16.1;
				MTL_ENABLE_DEBUG_INFO = INCLUDE_SOURCE;
				MTL_FAST_MATH = YES;
				ONLY_ACTIVE_ARCH = YES;
				SDKROOT = iphoneos;
				SWIFT_ACTIVE_COMPILATION_CONDITIONS = DEBUG;
				SWIFT_OPTIMIZATION_LEVEL = "-Onone";
			};
			name = Debug;
		};
		986E6F99292B4B0C00160108 /* Release */ = {
			isa = XCBuildConfiguration;
			buildSettings = {
				ALWAYS_SEARCH_USER_PATHS = NO;
				CLANG_ANALYZER_NONNULL = YES;
				CLANG_ANALYZER_NUMBER_OBJECT_CONVERSION = YES_AGGRESSIVE;
				CLANG_CXX_LANGUAGE_STANDARD = "gnu++20";
				CLANG_ENABLE_MODULES = YES;
				CLANG_ENABLE_OBJC_ARC = YES;
				CLANG_ENABLE_OBJC_WEAK = YES;
				CLANG_WARN_BLOCK_CAPTURE_AUTORELEASING = YES;
				CLANG_WARN_BOOL_CONVERSION = YES;
				CLANG_WARN_COMMA = YES;
				CLANG_WARN_CONSTANT_CONVERSION = YES;
				CLANG_WARN_DEPRECATED_OBJC_IMPLEMENTATIONS = YES;
				CLANG_WARN_DIRECT_OBJC_ISA_USAGE = YES_ERROR;
				CLANG_WARN_DOCUMENTATION_COMMENTS = YES;
				CLANG_WARN_EMPTY_BODY = YES;
				CLANG_WARN_ENUM_CONVERSION = YES;
				CLANG_WARN_INFINITE_RECURSION = YES;
				CLANG_WARN_INT_CONVERSION = YES;
				CLANG_WARN_NON_LITERAL_NULL_CONVERSION = YES;
				CLANG_WARN_OBJC_IMPLICIT_RETAIN_SELF = YES;
				CLANG_WARN_OBJC_LITERAL_CONVERSION = YES;
				CLANG_WARN_OBJC_ROOT_CLASS = YES_ERROR;
				CLANG_WARN_QUOTED_INCLUDE_IN_FRAMEWORK_HEADER = YES;
				CLANG_WARN_RANGE_LOOP_ANALYSIS = YES;
				CLANG_WARN_STRICT_PROTOTYPES = YES;
				CLANG_WARN_SUSPICIOUS_MOVE = YES;
				CLANG_WARN_UNGUARDED_AVAILABILITY = YES_AGGRESSIVE;
				CLANG_WARN_UNREACHABLE_CODE = YES;
				CLANG_WARN__DUPLICATE_METHOD_MATCH = YES;
				COPY_PHASE_STRIP = NO;
				DEBUG_INFORMATION_FORMAT = "dwarf-with-dsym";
				ENABLE_NS_ASSERTIONS = NO;
				ENABLE_STRICT_OBJC_MSGSEND = YES;
				GCC_C_LANGUAGE_STANDARD = gnu11;
				GCC_NO_COMMON_BLOCKS = YES;
				GCC_WARN_64_TO_32_BIT_CONVERSION = YES;
				GCC_WARN_ABOUT_RETURN_TYPE = YES_ERROR;
				GCC_WARN_UNDECLARED_SELECTOR = YES;
				GCC_WARN_UNINITIALIZED_AUTOS = YES_AGGRESSIVE;
				GCC_WARN_UNUSED_FUNCTION = YES;
				GCC_WARN_UNUSED_VARIABLE = YES;
				IPHONEOS_DEPLOYMENT_TARGET = 16.1;
				MTL_ENABLE_DEBUG_INFO = NO;
				MTL_FAST_MATH = YES;
				SDKROOT = iphoneos;
				SWIFT_COMPILATION_MODE = wholemodule;
				SWIFT_OPTIMIZATION_LEVEL = "-O";
				VALIDATE_PRODUCT = YES;
			};
			name = Release;
		};
		986E6F9B292B4B0C00160108 /* Debug */ = {
			isa = XCBuildConfiguration;
			baseConfigurationReference = 9E7F3929E43CED0405F1B1D8 /* Pods-TableViewProject.debug.xcconfig */;
			buildSettings = {
				ASSETCATALOG_COMPILER_APPICON_NAME = AppIcon;
				ASSETCATALOG_COMPILER_GLOBAL_ACCENT_COLOR_NAME = AccentColor;
				CODE_SIGN_STYLE = Automatic;
				CURRENT_PROJECT_VERSION = 1;
				DEVELOPMENT_TEAM = C76V4AJ834;
				GENERATE_INFOPLIST_FILE = YES;
				INFOPLIST_FILE = TableViewProject/Info.plist;
				INFOPLIST_KEY_UIApplicationSupportsIndirectInputEvents = YES;
				INFOPLIST_KEY_UILaunchStoryboardName = LaunchScreen;
				INFOPLIST_KEY_UIMainStoryboardFile = Main;
				INFOPLIST_KEY_UISupportedInterfaceOrientations_iPad = "UIInterfaceOrientationPortrait UIInterfaceOrientationPortraitUpsideDown UIInterfaceOrientationLandscapeLeft UIInterfaceOrientationLandscapeRight";
				INFOPLIST_KEY_UISupportedInterfaceOrientations_iPhone = "UIInterfaceOrientationPortrait UIInterfaceOrientationLandscapeLeft UIInterfaceOrientationLandscapeRight";
				LD_RUNPATH_SEARCH_PATHS = (
					"$(inherited)",
					"@executable_path/Frameworks",
				);
				MARKETING_VERSION = 1.0;
				PRODUCT_BUNDLE_IDENTIFIER = jechin.TableViewProject;
				PRODUCT_NAME = "$(TARGET_NAME)";
				SWIFT_EMIT_LOC_STRINGS = YES;
				SWIFT_VERSION = 5.0;
				TARGETED_DEVICE_FAMILY = "1,2";
			};
			name = Debug;
		};
		986E6F9C292B4B0C00160108 /* Release */ = {
			isa = XCBuildConfiguration;
			baseConfigurationReference = 825B17EA6760E5B0A782E5AB /* Pods-TableViewProject.release.xcconfig */;
			buildSettings = {
				ASSETCATALOG_COMPILER_APPICON_NAME = AppIcon;
				ASSETCATALOG_COMPILER_GLOBAL_ACCENT_COLOR_NAME = AccentColor;
				CODE_SIGN_STYLE = Automatic;
				CURRENT_PROJECT_VERSION = 1;
				DEVELOPMENT_TEAM = C76V4AJ834;
				GENERATE_INFOPLIST_FILE = YES;
				INFOPLIST_FILE = TableViewProject/Info.plist;
				INFOPLIST_KEY_UIApplicationSupportsIndirectInputEvents = YES;
				INFOPLIST_KEY_UILaunchStoryboardName = LaunchScreen;
				INFOPLIST_KEY_UIMainStoryboardFile = Main;
				INFOPLIST_KEY_UISupportedInterfaceOrientations_iPad = "UIInterfaceOrientationPortrait UIInterfaceOrientationPortraitUpsideDown UIInterfaceOrientationLandscapeLeft UIInterfaceOrientationLandscapeRight";
				INFOPLIST_KEY_UISupportedInterfaceOrientations_iPhone = "UIInterfaceOrientationPortrait UIInterfaceOrientationLandscapeLeft UIInterfaceOrientationLandscapeRight";
				LD_RUNPATH_SEARCH_PATHS = (
					"$(inherited)",
					"@executable_path/Frameworks",
				);
				MARKETING_VERSION = 1.0;
				PRODUCT_BUNDLE_IDENTIFIER = jechin.TableViewProject;
				PRODUCT_NAME = "$(TARGET_NAME)";
				SWIFT_EMIT_LOC_STRINGS = YES;
				SWIFT_VERSION = 5.0;
				TARGETED_DEVICE_FAMILY = "1,2";
			};
			name = Release;
		};
/* End XCBuildConfiguration section */

/* Begin XCConfigurationList section */
		986E6F81292B4B0900160108 /* Build configuration list for PBXProject "TableViewProject" */ = {
			isa = XCConfigurationList;
			buildConfigurations = (
				986E6F98292B4B0C00160108 /* Debug */,
				986E6F99292B4B0C00160108 /* Release */,
			);
			defaultConfigurationIsVisible = 0;
			defaultConfigurationName = Release;
		};
		986E6F9A292B4B0C00160108 /* Build configuration list for PBXNativeTarget "TableViewProject" */ = {
			isa = XCConfigurationList;
			buildConfigurations = (
				986E6F9B292B4B0C00160108 /* Debug */,
				986E6F9C292B4B0C00160108 /* Release */,
			);
			defaultConfigurationIsVisible = 0;
			defaultConfigurationName = Release;
		};
/* End XCConfigurationList section */
	};
	rootObject = 986E6F7E292B4B0900160108 /* Project object */;
}
